
Microsoft Visual Studio Solution File, Format Version 12.00
# Visual Studio 2013
VisualStudioVersion = 12.0.40629.0
MinimumVisualStudioVersion = 10.0.40219.1
Project("{FAE04EC0-301F-11D3-BF4B-00C04F79EFBC}") = "GTAVMod_RideADeer", "GTAVMod_RideADeer\GTAVMod_RideADeer.csproj", "{84BE0E2C-E367-442B-B39D-E4FFFC568736}"
EndProject
Global
	GlobalSection(SolutionConfigurationPlatforms) = preSolution
		Debug|Any CPU = Debug|Any CPU
		Release|Any CPU = Release|Any CPU
	EndGlobalSection
	GlobalSection(ProjectConfigurationPlatforms) = postSolution
		{84BE0E2C-E367-442B-B39D-E4FFFC568736}.Debug|Any CPU.ActiveCfg = Debug|Any CPU
		{84BE0E2C-E367-442B-B39D-E4FFFC568736}.Debug|Any CPU.Build.0 = Debug|Any CPU
		{84BE0E2C-E367-442B-B39D-E4FFFC568736}.Release|Any CPU.ActiveCfg = Release|Any CPU
		{84BE0E2C-E367-442B-B39D-E4FFFC568736}.Release|Any CPU.Build.0 = Release|Any CPU
	EndGlobalSection
	GlobalSection(SolutionProperties) = preSolution
		HideSolutionNode = FALSE
	EndGlobalSection
EndGlobal
